// !$*UTF8*$!
{
	archiveVersion = 1;
	classes = {
	};
	objectVersion = 56;
	objects = {

/* Begin PBXBuildFile section */
		35A47D442B87C2EB001ADE1F /* SearchBar.swift in Sources */ = {isa = PBXBuildFile; fileRef = 35A47D432B87C2EB001ADE1F /* SearchBar.swift */; };
		35B709DE2B8245D300D1BCE1 /* InstagramCloneApp.swift in Sources */ = {isa = PBXBuildFile; fileRef = 35B709DD2B8245D300D1BCE1 /* InstagramCloneApp.swift */; };
		35B709E22B8245D400D1BCE1 /* Assets.xcassets in Resources */ = {isa = PBXBuildFile; fileRef = 35B709E12B8245D400D1BCE1 /* Assets.xcassets */; };
		35B709E52B8245D400D1BCE1 /* Preview Assets.xcassets in Resources */ = {isa = PBXBuildFile; fileRef = 35B709E42B8245D400D1BCE1 /* Preview Assets.xcassets */; };
		35B709F22B82484400D1BCE1 /* ContentView.swift in Sources */ = {isa = PBXBuildFile; fileRef = 35B709F12B82484400D1BCE1 /* ContentView.swift */; };
		35B70A002B84FF9500D1BCE1 /* MainTabView.swift in Sources */ = {isa = PBXBuildFile; fileRef = 35B709FF2B84FF9500D1BCE1 /* MainTabView.swift */; };
		35B70A022B85008300D1BCE1 /* FeedView.swift in Sources */ = {isa = PBXBuildFile; fileRef = 35B70A012B85008300D1BCE1 /* FeedView.swift */; };
		35B70A042B8500E000D1BCE1 /* SearchView.swift in Sources */ = {isa = PBXBuildFile; fileRef = 35B70A032B8500E000D1BCE1 /* SearchView.swift */; };
		35B70A062B8500F100D1BCE1 /* NotificationsView.swift in Sources */ = {isa = PBXBuildFile; fileRef = 35B70A052B8500F100D1BCE1 /* NotificationsView.swift */; };
		35B70A082B85010F00D1BCE1 /* ProfileView.swift in Sources */ = {isa = PBXBuildFile; fileRef = 35B70A072B85010F00D1BCE1 /* ProfileView.swift */; };
		35B70A0A2B85012600D1BCE1 /* UploadPostView.swift in Sources */ = {isa = PBXBuildFile; fileRef = 35B70A092B85012600D1BCE1 /* UploadPostView.swift */; };
		35B70A0C2B85248200D1BCE1 /* FeedCell.swift in Sources */ = {isa = PBXBuildFile; fileRef = 35B70A0B2B85248200D1BCE1 /* FeedCell.swift */; };
		35C44C292B88D200006B727E /* PostGridView.swift in Sources */ = {isa = PBXBuildFile; fileRef = 35C44C282B88D200006B727E /* PostGridView.swift */; };
		35C44C2B2B88E4E8006B727E /* UserCell.swift in Sources */ = {isa = PBXBuildFile; fileRef = 35C44C2A2B88E4E8006B727E /* UserCell.swift */; };
		35C44C2D2B88E4F5006B727E /* UserListView.swift in Sources */ = {isa = PBXBuildFile; fileRef = 35C44C2C2B88E4F5006B727E /* UserListView.swift */; };
		35C44C312B88F068006B727E /* Extensions.swift in Sources */ = {isa = PBXBuildFile; fileRef = 35C44C302B88F068006B727E /* Extensions.swift */; };
/* End PBXBuildFile section */

/* Begin PBXFileReference section */
		35A47D432B87C2EB001ADE1F /* SearchBar.swift */ = {isa = PBXFileReference; lastKnownFileType = sourcecode.swift; path = SearchBar.swift; sourceTree = "<group>"; };
		35B709DA2B8245D300D1BCE1 /* InstagramClone.app */ = {isa = PBXFileReference; explicitFileType = wrapper.application; includeInIndex = 0; path = InstagramClone.app; sourceTree = BUILT_PRODUCTS_DIR; };
		35B709DD2B8245D300D1BCE1 /* InstagramCloneApp.swift */ = {isa = PBXFileReference; lastKnownFileType = sourcecode.swift; path = InstagramCloneApp.swift; sourceTree = "<group>"; };
		35B709E12B8245D400D1BCE1 /* Assets.xcassets */ = {isa = PBXFileReference; lastKnownFileType = folder.assetcatalog; path = Assets.xcassets; sourceTree = "<group>"; };
		35B709E42B8245D400D1BCE1 /* Preview Assets.xcassets */ = {isa = PBXFileReference; lastKnownFileType = folder.assetcatalog; path = "Preview Assets.xcassets"; sourceTree = "<group>"; };
		35B709F12B82484400D1BCE1 /* ContentView.swift */ = {isa = PBXFileReference; lastKnownFileType = sourcecode.swift; path = ContentView.swift; sourceTree = "<group>"; };
		35B709FF2B84FF9500D1BCE1 /* MainTabView.swift */ = {isa = PBXFileReference; lastKnownFileType = sourcecode.swift; path = MainTabView.swift; sourceTree = "<group>"; };
		35B70A012B85008300D1BCE1 /* FeedView.swift */ = {isa = PBXFileReference; lastKnownFileType = sourcecode.swift; path = FeedView.swift; sourceTree = "<group>"; };
		35B70A032B8500E000D1BCE1 /* SearchView.swift */ = {isa = PBXFileReference; lastKnownFileType = sourcecode.swift; path = SearchView.swift; sourceTree = "<group>"; };
		35B70A052B8500F100D1BCE1 /* NotificationsView.swift */ = {isa = PBXFileReference; lastKnownFileType = sourcecode.swift; path = NotificationsView.swift; sourceTree = "<group>"; };
		35B70A072B85010F00D1BCE1 /* ProfileView.swift */ = {isa = PBXFileReference; lastKnownFileType = sourcecode.swift; path = ProfileView.swift; sourceTree = "<group>"; };
		35B70A092B85012600D1BCE1 /* UploadPostView.swift */ = {isa = PBXFileReference; lastKnownFileType = sourcecode.swift; path = UploadPostView.swift; sourceTree = "<group>"; };
		35B70A0B2B85248200D1BCE1 /* FeedCell.swift */ = {isa = PBXFileReference; lastKnownFileType = sourcecode.swift; path = FeedCell.swift; sourceTree = "<group>"; };
		35C44C282B88D200006B727E /* PostGridView.swift */ = {isa = PBXFileReference; lastKnownFileType = sourcecode.swift; path = PostGridView.swift; sourceTree = "<group>"; };
		35C44C2A2B88E4E8006B727E /* UserCell.swift */ = {isa = PBXFileReference; lastKnownFileType = sourcecode.swift; path = UserCell.swift; sourceTree = "<group>"; };
		35C44C2C2B88E4F5006B727E /* UserListView.swift */ = {isa = PBXFileReference; lastKnownFileType = sourcecode.swift; path = UserListView.swift; sourceTree = "<group>"; };
		35C44C302B88F068006B727E /* Extensions.swift */ = {isa = PBXFileReference; lastKnownFileType = sourcecode.swift; path = Extensions.swift; sourceTree = "<group>"; };
/* End PBXFileReference section */

/* Begin PBXFrameworksBuildPhase section */
		35B709D72B8245D300D1BCE1 /* Frameworks */ = {
			isa = PBXFrameworksBuildPhase;
			buildActionMask = 2147483647;
			files = (
			);
			runOnlyForDeploymentPostprocessing = 0;
		};
/* End PBXFrameworksBuildPhase section */

/* Begin PBXGroup section */
		35B709D12B8245D300D1BCE1 = {
			isa = PBXGroup;
			children = (
				35B709DC2B8245D300D1BCE1 /* InstagramClone */,
				35B709DB2B8245D300D1BCE1 /* Products */,
			);
			sourceTree = "<group>";
		};
		35B709DB2B8245D300D1BCE1 /* Products */ = {
			isa = PBXGroup;
			children = (
				35B709DA2B8245D300D1BCE1 /* InstagramClone.app */,
			);
			name = Products;
			sourceTree = "<group>";
		};
		35B709DC2B8245D300D1BCE1 /* InstagramClone */ = {
			isa = PBXGroup;
			children = (
				35B709EB2B82474D00D1BCE1 /* Model */,
				35B709EF2B82476300D1BCE1 /* View */,
				35B709EE2B82475E00D1BCE1 /* ViewModel */,
				35B709ED2B82475B00D1BCE1 /* API */,
				35B709EC2B82475700D1BCE1 /* Utils */,
				35B709DD2B8245D300D1BCE1 /* InstagramCloneApp.swift */,
				35B709E12B8245D400D1BCE1 /* Assets.xcassets */,
				35B709E32B8245D400D1BCE1 /* Preview Content */,
			);
			path = InstagramClone;
			sourceTree = "<group>";
		};
		35B709E32B8245D400D1BCE1 /* Preview Content */ = {
			isa = PBXGroup;
			children = (
				35B709E42B8245D400D1BCE1 /* Preview Assets.xcassets */,
			);
			path = "Preview Content";
			sourceTree = "<group>";
		};
		35B709EB2B82474D00D1BCE1 /* Model */ = {
			isa = PBXGroup;
			children = (
			);
			path = Model;
			sourceTree = "<group>";
		};
		35B709EC2B82475700D1BCE1 /* Utils */ = {
			isa = PBXGroup;
			children = (
				35C44C302B88F068006B727E /* Extensions.swift */,
			);
			path = Utils;
			sourceTree = "<group>";
		};
		35B709ED2B82475B00D1BCE1 /* API */ = {
			isa = PBXGroup;
			children = (
			);
			path = API;
			sourceTree = "<group>";
		};
		35B709EE2B82475E00D1BCE1 /* ViewModel */ = {
			isa = PBXGroup;
			children = (
				35B709FE2B824A7700D1BCE1 /* Profile */,
				35B709FD2B824A6300D1BCE1 /* Authentication */,
				35B709FC2B824A4200D1BCE1 /* Notifications */,
				35B709FB2B824A3800D1BCE1 /* Feed */,
			);
			path = ViewModel;
			sourceTree = "<group>";
		};
		35B709EF2B82476300D1BCE1 /* View */ = {
			isa = PBXGroup;
			children = (
				35B709FA2B8249D700D1BCE1 /* Items */,
				35B709F92B82493D00D1BCE1 /* Authentication */,
				35B709F82B82492100D1BCE1 /* Notifications */,
				35B709F72B82490F00D1BCE1 /* Search */,
				35B709F62B8248FB00D1BCE1 /* Comments */,
				35B709F52B8248EE00D1BCE1 /* Feed */,
				35B709F42B8248B400D1BCE1 /* Profile */,
				35B709F32B82487500D1BCE1 /* UploadPost */,
				35B709F02B82482000D1BCE1 /* Main */,
			);
			path = View;
			sourceTree = "<group>";
		};
		35B709F02B82482000D1BCE1 /* Main */ = {
			isa = PBXGroup;
			children = (
				35B709F12B82484400D1BCE1 /* ContentView.swift */,
				35B709FF2B84FF9500D1BCE1 /* MainTabView.swift */,
			);
			path = Main;
			sourceTree = "<group>";
		};
		35B709F32B82487500D1BCE1 /* UploadPost */ = {
			isa = PBXGroup;
			children = (
				35B70A092B85012600D1BCE1 /* UploadPostView.swift */,
			);
			path = UploadPost;
			sourceTree = "<group>";
		};
		35B709F42B8248B400D1BCE1 /* Profile */ = {
			isa = PBXGroup;
			children = (
				35B70A072B85010F00D1BCE1 /* ProfileView.swift */,
			);
			path = Profile;
			sourceTree = "<group>";
		};
		35B709F52B8248EE00D1BCE1 /* Feed */ = {
			isa = PBXGroup;
			children = (
				35B70A012B85008300D1BCE1 /* FeedView.swift */,
				35B70A0B2B85248200D1BCE1 /* FeedCell.swift */,
			);
			path = Feed;
			sourceTree = "<group>";
		};
		35B709F62B8248FB00D1BCE1 /* Comments */ = {
			isa = PBXGroup;
			children = (
			);
			path = Comments;
			sourceTree = "<group>";
		};
		35B709F72B82490F00D1BCE1 /* Search */ = {
			isa = PBXGroup;
			children = (
				35B70A032B8500E000D1BCE1 /* SearchView.swift */,
				35A47D432B87C2EB001ADE1F /* SearchBar.swift */,
			);
			path = Search;
			sourceTree = "<group>";
		};
		35B709F82B82492100D1BCE1 /* Notifications */ = {
			isa = PBXGroup;
			children = (
				35B70A052B8500F100D1BCE1 /* NotificationsView.swift */,
			);
			path = Notifications;
			sourceTree = "<group>";
		};
		35B709F92B82493D00D1BCE1 /* Authentication */ = {
			isa = PBXGroup;
			children = (
			);
			path = Authentication;
			sourceTree = "<group>";
		};
		35B709FA2B8249D700D1BCE1 /* Items */ = {
			isa = PBXGroup;
			children = (
				35C44C282B88D200006B727E /* PostGridView.swift */,
				35C44C2A2B88E4E8006B727E /* UserCell.swift */,
				35C44C2C2B88E4F5006B727E /* UserListView.swift */,
			);
			path = Items;
			sourceTree = "<group>";
		};
		35B709FB2B824A3800D1BCE1 /* Feed */ = {
			isa = PBXGroup;
			children = (
			);
			path = Feed;
			sourceTree = "<group>";
		};
		35B709FC2B824A4200D1BCE1 /* Notifications */ = {
			isa = PBXGroup;
			children = (
			);
			path = Notifications;
			sourceTree = "<group>";
		};
		35B709FD2B824A6300D1BCE1 /* Authentication */ = {
			isa = PBXGroup;
			children = (
			);
			path = Authentication;
			sourceTree = "<group>";
		};
		35B709FE2B824A7700D1BCE1 /* Profile */ = {
			isa = PBXGroup;
			children = (
			);
			path = Profile;
			sourceTree = "<group>";
		};
/* End PBXGroup section */

/* Begin PBXNativeTarget section */
		35B709D92B8245D300D1BCE1 /* InstagramClone */ = {
			isa = PBXNativeTarget;
			buildConfigurationList = 35B709E82B8245D400D1BCE1 /* Build configuration list for PBXNativeTarget "InstagramClone" */;
			buildPhases = (
				35B709D62B8245D300D1BCE1 /* Sources */,
				35B709D72B8245D300D1BCE1 /* Frameworks */,
				35B709D82B8245D300D1BCE1 /* Resources */,
			);
			buildRules = (
			);
			dependencies = (
			);
			name = InstagramClone;
			productName = InstagramClone;
			productReference = 35B709DA2B8245D300D1BCE1 /* InstagramClone.app */;
			productType = "com.apple.product-type.application";
		};
/* End PBXNativeTarget section */

/* Begin PBXProject section */
		35B709D22B8245D300D1BCE1 /* Project object */ = {
			isa = PBXProject;
			attributes = {
				BuildIndependentTargetsInParallel = 1;
				LastSwiftUpdateCheck = 1520;
				LastUpgradeCheck = 1520;
				TargetAttributes = {
					35B709D92B8245D300D1BCE1 = {
						CreatedOnToolsVersion = 15.2;
					};
				};
			};
			buildConfigurationList = 35B709D52B8245D300D1BCE1 /* Build configuration list for PBXProject "InstagramClone" */;
			compatibilityVersion = "Xcode 14.0";
			developmentRegion = en;
			hasScannedForEncodings = 0;
			knownRegions = (
				en,
				Base,
			);
			mainGroup = 35B709D12B8245D300D1BCE1;
			productRefGroup = 35B709DB2B8245D300D1BCE1 /* Products */;
			projectDirPath = "";
			projectRoot = "";
			targets = (
				35B709D92B8245D300D1BCE1 /* InstagramClone */,
			);
		};
/* End PBXProject section */

/* Begin PBXResourcesBuildPhase section */
		35B709D82B8245D300D1BCE1 /* Resources */ = {
			isa = PBXResourcesBuildPhase;
			buildActionMask = 2147483647;
			files = (
				35B709E52B8245D400D1BCE1 /* Preview Assets.xcassets in Resources */,
				35B709E22B8245D400D1BCE1 /* Assets.xcassets in Resources */,
			);
			runOnlyForDeploymentPostprocessing = 0;
		};
/* End PBXResourcesBuildPhase section */

/* Begin PBXSourcesBuildPhase section */
		35B709D62B8245D300D1BCE1 /* Sources */ = {
			isa = PBXSourcesBuildPhase;
			buildActionMask = 2147483647;
			files = (
				35B70A042B8500E000D1BCE1 /* SearchView.swift in Sources */,
				35B70A022B85008300D1BCE1 /* FeedView.swift in Sources */,
				35C44C292B88D200006B727E /* PostGridView.swift in Sources */,
				35B709DE2B8245D300D1BCE1 /* InstagramCloneApp.swift in Sources */,
				35B709F22B82484400D1BCE1 /* ContentView.swift in Sources */,
				35B70A002B84FF9500D1BCE1 /* MainTabView.swift in Sources */,
				35B70A0A2B85012600D1BCE1 /* UploadPostView.swift in Sources */,
				35B70A082B85010F00D1BCE1 /* ProfileView.swift in Sources */,
				35C44C2B2B88E4E8006B727E /* UserCell.swift in Sources */,
				35A47D442B87C2EB001ADE1F /* SearchBar.swift in Sources */,
				35B70A062B8500F100D1BCE1 /* NotificationsView.swift in Sources */,
				35B70A0C2B85248200D1BCE1 /* FeedCell.swift in Sources */,
				35C44C2D2B88E4F5006B727E /* UserListView.swift in Sources */,
				35C44C312B88F068006B727E /* Extensions.swift in Sources */,
			);
			runOnlyForDeploymentPostprocessing = 0;
		};
/* End PBXSourcesBuildPhase section */

/* Begin XCBuildConfiguration section */
		35B709E62B8245D400D1BCE1 /* Debug */ = {
			isa = XCBuildConfiguration;
			buildSettings = {
				ALWAYS_SEARCH_USER_PATHS = NO;
				ASSETCATALOG_COMPILER_GENERATE_SWIFT_ASSET_SYMBOL_EXTENSIONS = YES;
				CLANG_ANALYZER_NONNULL = YES;
				CLANG_ANALYZER_NUMBER_OBJECT_CONVERSION = YES_AGGRESSIVE;
				CLANG_CXX_LANGUAGE_STANDARD = "gnu++20";
				CLANG_ENABLE_MODULES = YES;
				CLANG_ENABLE_OBJC_ARC = YES;
				CLANG_ENABLE_OBJC_WEAK = YES;
				CLANG_WARN_BLOCK_CAPTURE_AUTORELEASING = YES;
				CLANG_WARN_BOOL_CONVERSION = YES;
				CLANG_WARN_COMMA = YES;
				CLANG_WARN_CONSTANT_CONVERSION = YES;
				CLANG_WARN_DEPRECATED_OBJC_IMPLEMENTATIONS = YES;
				CLANG_WARN_DIRECT_OBJC_ISA_USAGE = YES_ERROR;
				CLANG_WARN_DOCUMENTATION_COMMENTS = YES;
				CLANG_WARN_EMPTY_BODY = YES;
				CLANG_WARN_ENUM_CONVERSION = YES;
				CLANG_WARN_INFINITE_RECURSION = YES;
				CLANG_WARN_INT_CONVERSION = YES;
				CLANG_WARN_NON_LITERAL_NULL_CONVERSION = YES;
				CLANG_WARN_OBJC_IMPLICIT_RETAIN_SELF = YES;
				CLANG_WARN_OBJC_LITERAL_CONVERSION = YES;
				CLANG_WARN_OBJC_ROOT_CLASS = YES_ERROR;
				CLANG_WARN_QUOTED_INCLUDE_IN_FRAMEWORK_HEADER = YES;
				CLANG_WARN_RANGE_LOOP_ANALYSIS = YES;
				CLANG_WARN_STRICT_PROTOTYPES = YES;
				CLANG_WARN_SUSPICIOUS_MOVE = YES;
				CLANG_WARN_UNGUARDED_AVAILABILITY = YES_AGGRESSIVE;
				CLANG_WARN_UNREACHABLE_CODE = YES;
				CLANG_WARN__DUPLICATE_METHOD_MATCH = YES;
				COPY_PHASE_STRIP = NO;
				DEBUG_INFORMATION_FORMAT = dwarf;
				ENABLE_STRICT_OBJC_MSGSEND = YES;
				ENABLE_TESTABILITY = YES;
				ENABLE_USER_SCRIPT_SANDBOXING = YES;
				GCC_C_LANGUAGE_STANDARD = gnu17;
				GCC_DYNAMIC_NO_PIC = NO;
				GCC_NO_COMMON_BLOCKS = YES;
				GCC_OPTIMIZATION_LEVEL = 0;
				GCC_PREPROCESSOR_DEFINITIONS = (
					"DEBUG=1",
					"$(inherited)",
				);
				GCC_WARN_64_TO_32_BIT_CONVERSION = YES;
				GCC_WARN_ABOUT_RETURN_TYPE = YES_ERROR;
				GCC_WARN_UNDECLARED_SELECTOR = YES;
				GCC_WARN_UNINITIALIZED_AUTOS = YES_AGGRESSIVE;
				GCC_WARN_UNUSED_FUNCTION = YES;
				GCC_WARN_UNUSED_VARIABLE = YES;
				IPHONEOS_DEPLOYMENT_TARGET = 17.2;
				LOCALIZATION_PREFERS_STRING_CATALOGS = YES;
				MTL_ENABLE_DEBUG_INFO = INCLUDE_SOURCE;
				MTL_FAST_MATH = YES;
				ONLY_ACTIVE_ARCH = YES;
				SDKROOT = iphoneos;
				SWIFT_ACTIVE_COMPILATION_CONDITIONS = "DEBUG $(inherited)";
				SWIFT_OPTIMIZATION_LEVEL = "-Onone";
			};
			name = Debug;
		};
		35B709E72B8245D400D1BCE1 /* Release */ = {
			isa = XCBuildConfiguration;
			buildSettings = {
				ALWAYS_SEARCH_USER_PATHS = NO;
				ASSETCATALOG_COMPILER_GENERATE_SWIFT_ASSET_SYMBOL_EXTENSIONS = YES;
				CLANG_ANALYZER_NONNULL = YES;
				CLANG_ANALYZER_NUMBER_OBJECT_CONVERSION = YES_AGGRESSIVE;
				CLANG_CXX_LANGUAGE_STANDARD = "gnu++20";
				CLANG_ENABLE_MODULES = YES;
				CLANG_ENABLE_OBJC_ARC = YES;
				CLANG_ENABLE_OBJC_WEAK = YES;
				CLANG_WARN_BLOCK_CAPTURE_AUTORELEASING = YES;
				CLANG_WARN_BOOL_CONVERSION = YES;
				CLANG_WARN_COMMA = YES;
				CLANG_WARN_CONSTANT_CONVERSION = YES;
				CLANG_WARN_DEPRECATED_OBJC_IMPLEMENTATIONS = YES;
				CLANG_WARN_DIRECT_OBJC_ISA_USAGE = YES_ERROR;
				CLANG_WARN_DOCUMENTATION_COMMENTS = YES;
				CLANG_WARN_EMPTY_BODY = YES;
				CLANG_WARN_ENUM_CONVERSION = YES;
				CLANG_WARN_INFINITE_RECURSION = YES;
				CLANG_WARN_INT_CONVERSION = YES;
				CLANG_WARN_NON_LITERAL_NULL_CONVERSION = YES;
				CLANG_WARN_OBJC_IMPLICIT_RETAIN_SELF = YES;
				CLANG_WARN_OBJC_LITERAL_CONVERSION = YES;
				CLANG_WARN_OBJC_ROOT_CLASS = YES_ERROR;
				CLANG_WARN_QUOTED_INCLUDE_IN_FRAMEWORK_HEADER = YES;
				CLANG_WARN_RANGE_LOOP_ANALYSIS = YES;
				CLANG_WARN_STRICT_PROTOTYPES = YES;
				CLANG_WARN_SUSPICIOUS_MOVE = YES;
				CLANG_WARN_UNGUARDED_AVAILABILITY = YES_AGGRESSIVE;
				CLANG_WARN_UNREACHABLE_CODE = YES;
				CLANG_WARN__DUPLICATE_METHOD_MATCH = YES;
				COPY_PHASE_STRIP = NO;
				DEBUG_INFORMATION_FORMAT = "dwarf-with-dsym";
				ENABLE_NS_ASSERTIONS = NO;
				ENABLE_STRICT_OBJC_MSGSEND = YES;
				ENABLE_USER_SCRIPT_SANDBOXING = YES;
				GCC_C_LANGUAGE_STANDARD = gnu17;
				GCC_NO_COMMON_BLOCKS = YES;
				GCC_WARN_64_TO_32_BIT_CONVERSION = YES;
				GCC_WARN_ABOUT_RETURN_TYPE = YES_ERROR;
				GCC_WARN_UNDECLARED_SELECTOR = YES;
				GCC_WARN_UNINITIALIZED_AUTOS = YES_AGGRESSIVE;
				GCC_WARN_UNUSED_FUNCTION = YES;
				GCC_WARN_UNUSED_VARIABLE = YES;
				IPHONEOS_DEPLOYMENT_TARGET = 17.2;
				LOCALIZATION_PREFERS_STRING_CATALOGS = YES;
				MTL_ENABLE_DEBUG_INFO = NO;
				MTL_FAST_MATH = YES;
				SDKROOT = iphoneos;
				SWIFT_COMPILATION_MODE = wholemodule;
				VALIDATE_PRODUCT = YES;
			};
			name = Release;
		};
		35B709E92B8245D400D1BCE1 /* Debug */ = {
			isa = XCBuildConfiguration;
			buildSettings = {
				ASSETCATALOG_COMPILER_APPICON_NAME = AppIcon;
				ASSETCATALOG_COMPILER_GLOBAL_ACCENT_COLOR_NAME = AccentColor;
				CODE_SIGN_STYLE = Automatic;
				CURRENT_PROJECT_VERSION = 1;
				DEVELOPMENT_ASSET_PATHS = "\"InstagramClone/Preview Content\"";
				DEVELOPMENT_TEAM = UZWFQJ3AAN;
				ENABLE_PREVIEWS = YES;
				GENERATE_INFOPLIST_FILE = YES;
				INFOPLIST_KEY_UIApplicationSceneManifest_Generation = YES;
				INFOPLIST_KEY_UIApplicationSupportsIndirectInputEvents = YES;
				INFOPLIST_KEY_UILaunchScreen_Generation = YES;
				INFOPLIST_KEY_UISupportedInterfaceOrientations_iPad = "UIInterfaceOrientationPortrait UIInterfaceOrientationPortraitUpsideDown UIInterfaceOrientationLandscapeLeft UIInterfaceOrientationLandscapeRight";
				INFOPLIST_KEY_UISupportedInterfaceOrientations_iPhone = "UIInterfaceOrientationPortrait UIInterfaceOrientationLandscapeLeft UIInterfaceOrientationLandscapeRight";
				LD_RUNPATH_SEARCH_PATHS = (
					"$(inherited)",
					"@executable_path/Frameworks",
				);
				MARKETING_VERSION = 1.0;
				PRODUCT_BUNDLE_IDENTIFIER = com.metevesek.InstagramClone;
				PRODUCT_NAME = "$(TARGET_NAME)";
				SWIFT_EMIT_LOC_STRINGS = YES;
				SWIFT_VERSION = 5.0;
				TARGETED_DEVICE_FAMILY = "1,2";
			};
			name = Debug;
		};
		35B709EA2B8245D400D1BCE1 /* Release */ = {
			isa = XCBuildConfiguration;
			buildSettings = {
				ASSETCATALOG_COMPILER_APPICON_NAME = AppIcon;
				ASSETCATALOG_COMPILER_GLOBAL_ACCENT_COLOR_NAME = AccentColor;
				CODE_SIGN_STYLE = Automatic;
				CURRENT_PROJECT_VERSION = 1;
				DEVELOPMENT_ASSET_PATHS = "\"InstagramClone/Preview Content\"";
				DEVELOPMENT_TEAM = UZWFQJ3AAN;
				ENABLE_PREVIEWS = YES;
				GENERATE_INFOPLIST_FILE = YES;
				INFOPLIST_KEY_UIApplicationSceneManifest_Generation = YES;
				INFOPLIST_KEY_UIApplicationSupportsIndirectInputEvents = YES;
				INFOPLIST_KEY_UILaunchScreen_Generation = YES;
				INFOPLIST_KEY_UISupportedInterfaceOrientations_iPad = "UIInterfaceOrientationPortrait UIInterfaceOrientationPortraitUpsideDown UIInterfaceOrientationLandscapeLeft UIInterfaceOrientationLandscapeRight";
				INFOPLIST_KEY_UISupportedInterfaceOrientations_iPhone = "UIInterfaceOrientationPortrait UIInterfaceOrientationLandscapeLeft UIInterfaceOrientationLandscapeRight";
				LD_RUNPATH_SEARCH_PATHS = (
					"$(inherited)",
					"@executable_path/Frameworks",
				);
				MARKETING_VERSION = 1.0;
				PRODUCT_BUNDLE_IDENTIFIER = com.metevesek.InstagramClone;
				PRODUCT_NAME = "$(TARGET_NAME)";
				SWIFT_EMIT_LOC_STRINGS = YES;
				SWIFT_VERSION = 5.0;
				TARGETED_DEVICE_FAMILY = "1,2";
			};
			name = Release;
		};
/* End XCBuildConfiguration section */

/* Begin XCConfigurationList section */
		35B709D52B8245D300D1BCE1 /* Build configuration list for PBXProject "InstagramClone" */ = {
			isa = XCConfigurationList;
			buildConfigurations = (
				35B709E62B8245D400D1BCE1 /* Debug */,
				35B709E72B8245D400D1BCE1 /* Release */,
			);
			defaultConfigurationIsVisible = 0;
			defaultConfigurationName = Release;
		};
		35B709E82B8245D400D1BCE1 /* Build configuration list for PBXNativeTarget "InstagramClone" */ = {
			isa = XCConfigurationList;
			buildConfigurations = (
				35B709E92B8245D400D1BCE1 /* Debug */,
				35B709EA2B8245D400D1BCE1 /* Release */,
			);
			defaultConfigurationIsVisible = 0;
			defaultConfigurationName = Release;
		};
/* End XCConfigurationList section */
	};
	rootObject = 35B709D22B8245D300D1BCE1 /* Project object */;
}
